
Microsoft Visual Studio Solution File, Format Version 12.00
# Visual Studio Version 17
VisualStudioVersion = 17.14.36221.1 d17.14
MinimumVisualStudioVersion = 10.0.40219.1
Project("{FAE04EC0-301F-11D3-BF4B-00C04F79EFBC}") = "Polimerida_CAP", "Polimerida_CAP\Polimerida_CAP.csproj", "{2DD264E9-7714-44E8-8B7F-158343DC42CB}"
EndProject
Global
	GlobalSection(SolutionConfigurationPlatforms) = preSolution
		Debug|Any CPU = Debug|Any CPU
		Release|Any CPU = Release|Any CPU
	EndGlobalSection
	GlobalSection(ProjectConfigurationPlatforms) = postSolution
		{2DD264E9-7714-44E8-8B7F-158343DC42CB}.Debug|Any CPU.ActiveCfg = Debug|Any CPU
		{2DD264E9-7714-44E8-8B7F-158343DC42CB}.Debug|Any CPU.Build.0 = Debug|Any CPU
		{2DD264E9-7714-44E8-8B7F-158343DC42CB}.Release|Any CPU.ActiveCfg = Release|Any CPU
		{2DD264E9-7714-44E8-8B7F-158343DC42CB}.Release|Any CPU.Build.0 = Release|Any CPU
	EndGlobalSection
	GlobalSection(SolutionProperties) = preSolution
		HideSolutionNode = FALSE
	EndGlobalSection
	GlobalSection(ExtensibilityGlobals) = postSolution
		SolutionGuid = {D4021077-E672-4D83-8102-FF12D5CAA3EE}
	EndGlobalSection
EndGlobal
